
Microsoft Visual Studio Solution File, Format Version 12.00
# Visual Studio Version 17
VisualStudioVersion = 17.13.35806.99 d17.13
MinimumVisualStudioVersion = 10.0.40219.1
Project("{FAE04EC0-301F-11D3-BF4B-00C04F79EFBC}") = "RestaurantManagerSystem", "RestaurantManagerSystem\RestaurantManagerSystem.csproj", "{DA5FF049-E383-44C3-8C12-EF0A8EAB2967}"
EndProject
Global
	GlobalSection(SolutionConfigurationPlatforms) = preSolution
		Debug|Any CPU = Debug|Any CPU
		Release|Any CPU = Release|Any CPU
	EndGlobalSection
	GlobalSection(ProjectConfigurationPlatforms) = postSolution
		{DA5FF049-E383-44C3-8C12-EF0A8EAB2967}.Debug|Any CPU.ActiveCfg = Debug|Any CPU
		{DA5FF049-E383-44C3-8C12-EF0A8EAB2967}.Debug|Any CPU.Build.0 = Debug|Any CPU
		{DA5FF049-E383-44C3-8C12-EF0A8EAB2967}.Release|Any CPU.ActiveCfg = Release|Any CPU
		{DA5FF049-E383-44C3-8C12-EF0A8EAB2967}.Release|Any CPU.Build.0 = Release|Any CPU
	EndGlobalSection
	GlobalSection(SolutionProperties) = preSolution
		HideSolutionNode = FALSE
	EndGlobalSection
	GlobalSection(ExtensibilityGlobals) = postSolution
		SolutionGuid = {8DC3B3D0-A596-40B9-8B25-C6C042C88DCB}
	EndGlobalSection
EndGlobal
